
Microsoft Visual Studio Solution File, Format Version 12.00
# Visual Studio Version 17
VisualStudioVersion = 17.5.33414.496
MinimumVisualStudioVersion = 10.0.40219.1
Project("{FAE04EC0-301F-11D3-BF4B-00C04F79EFBC}") = "EmployeePayroll", "EmployeePayroll.csproj", "{8166883C-E51E-448D-B7BE-6CDF457B22E1}"
EndProject
Global
	GlobalSection(SolutionConfigurationPlatforms) = preSolution
		Debug|Any CPU = Debug|Any CPU
		Release|Any CPU = Release|Any CPU
	EndGlobalSection
	GlobalSection(ProjectConfigurationPlatforms) = postSolution
		{8166883C-E51E-448D-B7BE-6CDF457B22E1}.Debug|Any CPU.ActiveCfg = Debug|Any CPU
		{8166883C-E51E-448D-B7BE-6CDF457B22E1}.Debug|Any CPU.Build.0 = Debug|Any CPU
		{8166883C-E51E-448D-B7BE-6CDF457B22E1}.Release|Any CPU.ActiveCfg = Release|Any CPU
		{8166883C-E51E-448D-B7BE-6CDF457B22E1}.Release|Any CPU.Build.0 = Release|Any CPU
	EndGlobalSection
	GlobalSection(SolutionProperties) = preSolution
		HideSolutionNode = FALSE
	EndGlobalSection
	GlobalSection(ExtensibilityGlobals) = postSolution
		SolutionGuid = {C35DE0FD-90D3-4030-80A5-C1B7AF71CFFA}
	EndGlobalSection
EndGlobal
